// !$*UTF8*$!
{
	archiveVersion = 1;
	classes = {
	};
	objectVersion = 55;
	objects = {

/* Begin PBXBuildFile section */
		B88AD36829E02D10008A7904 /* UserTrackingButtons.swift in Sources */ = {isa = PBXBuildFile; fileRef = B88AD36729E02D10008A7904 /* UserTrackingButtons.swift */; };
		B8B1CAAC29D42C8800F3F68C /* LocationManager.swift in Sources */ = {isa = PBXBuildFile; fileRef = B8B1CAAB29D42C8800F3F68C /* LocationManager.swift */; };
		B8B1CAB029D43BBE00F3F68C /* MapView.swift in Sources */ = {isa = PBXBuildFile; fileRef = B8B1CAAF29D43BBE00F3F68C /* MapView.swift */; };
		B8D78C1729D5996900955331 /* apiCall.swift in Sources */ = {isa = PBXBuildFile; fileRef = B8D78C1629D5996900955331 /* apiCall.swift */; };
		B8D78C1929D5A18900955331 /* APITypes.swift in Sources */ = {isa = PBXBuildFile; fileRef = B8D78C1829D5A18900955331 /* APITypes.swift */; };
		B8FD8AB429D1861300018CE3 /* BrisbaneBubblerMapApp.swift in Sources */ = {isa = PBXBuildFile; fileRef = B8FD8AB329D1861300018CE3 /* BrisbaneBubblerMapApp.swift */; };
		B8FD8AB629D1861300018CE3 /* ContentView.swift in Sources */ = {isa = PBXBuildFile; fileRef = B8FD8AB529D1861300018CE3 /* ContentView.swift */; };
		B8FD8AB829D1861600018CE3 /* Assets.xcassets in Resources */ = {isa = PBXBuildFile; fileRef = B8FD8AB729D1861600018CE3 /* Assets.xcassets */; };
		B8FD8ABB29D1861600018CE3 /* Preview Assets.xcassets in Resources */ = {isa = PBXBuildFile; fileRef = B8FD8ABA29D1861600018CE3 /* Preview Assets.xcassets */; };
		B8FD8AC529D1861600018CE3 /* BrisbaneBubblerMapTests.swift in Sources */ = {isa = PBXBuildFile; fileRef = B8FD8AC429D1861600018CE3 /* BrisbaneBubblerMapTests.swift */; };
		B8FD8ACF29D1861600018CE3 /* BrisbaneBubblerMapUITests.swift in Sources */ = {isa = PBXBuildFile; fileRef = B8FD8ACE29D1861600018CE3 /* BrisbaneBubblerMapUITests.swift */; };
		B8FD8AD129D1861600018CE3 /* BrisbaneBubblerMapUITestsLaunchTests.swift in Sources */ = {isa = PBXBuildFile; fileRef = B8FD8AD029D1861600018CE3 /* BrisbaneBubblerMapUITestsLaunchTests.swift */; };
/* End PBXBuildFile section */

/* Begin PBXContainerItemProxy section */
		B8FD8AC129D1861600018CE3 /* PBXContainerItemProxy */ = {
			isa = PBXContainerItemProxy;
			containerPortal = B8FD8AA829D1861300018CE3 /* Project object */;
			proxyType = 1;
			remoteGlobalIDString = B8FD8AAF29D1861300018CE3;
			remoteInfo = BrisbaneBubblerMap;
		};
		B8FD8ACB29D1861600018CE3 /* PBXContainerItemProxy */ = {
			isa = PBXContainerItemProxy;
			containerPortal = B8FD8AA829D1861300018CE3 /* Project object */;
			proxyType = 1;
			remoteGlobalIDString = B8FD8AAF29D1861300018CE3;
			remoteInfo = BrisbaneBubblerMap;
		};
/* End PBXContainerItemProxy section */

/* Begin PBXFileReference section */
		B88AD36729E02D10008A7904 /* UserTrackingButtons.swift */ = {isa = PBXFileReference; lastKnownFileType = sourcecode.swift; path = UserTrackingButtons.swift; sourceTree = "<group>"; };
		B8B1CAAB29D42C8800F3F68C /* LocationManager.swift */ = {isa = PBXFileReference; lastKnownFileType = sourcecode.swift; path = LocationManager.swift; sourceTree = "<group>"; };
		B8B1CAAD29D431C400F3F68C /* gpxgenerator_path.gpx */ = {isa = PBXFileReference; lastKnownFileType = text.xml; name = gpxgenerator_path.gpx; path = BrisbaneBubblerMap/gpxgenerator_path.gpx; sourceTree = "<group>"; };
		B8B1CAAE29D4346F00F3F68C /* gpxgenerator_path_2.gpx */ = {isa = PBXFileReference; lastKnownFileType = text.xml; name = gpxgenerator_path_2.gpx; path = BrisbaneBubblerMap/gpxgenerator_path_2.gpx; sourceTree = "<group>"; };
		B8B1CAAF29D43BBE00F3F68C /* MapView.swift */ = {isa = PBXFileReference; lastKnownFileType = sourcecode.swift; path = MapView.swift; sourceTree = "<group>"; };
		B8D78C1629D5996900955331 /* apiCall.swift */ = {isa = PBXFileReference; lastKnownFileType = sourcecode.swift; path = apiCall.swift; sourceTree = "<group>"; };
		B8D78C1829D5A18900955331 /* APITypes.swift */ = {isa = PBXFileReference; lastKnownFileType = sourcecode.swift; path = APITypes.swift; sourceTree = "<group>"; };
		B8FD8AB029D1861300018CE3 /* BrisbaneBubblerMap.app */ = {isa = PBXFileReference; explicitFileType = wrapper.application; includeInIndex = 0; path = BrisbaneBubblerMap.app; sourceTree = BUILT_PRODUCTS_DIR; };
		B8FD8AB329D1861300018CE3 /* BrisbaneBubblerMapApp.swift */ = {isa = PBXFileReference; lastKnownFileType = sourcecode.swift; path = BrisbaneBubblerMapApp.swift; sourceTree = "<group>"; };
		B8FD8AB529D1861300018CE3 /* ContentView.swift */ = {isa = PBXFileReference; lastKnownFileType = sourcecode.swift; path = ContentView.swift; sourceTree = "<group>"; };
		B8FD8AB729D1861600018CE3 /* Assets.xcassets */ = {isa = PBXFileReference; lastKnownFileType = folder.assetcatalog; path = Assets.xcassets; sourceTree = "<group>"; };
		B8FD8ABA29D1861600018CE3 /* Preview Assets.xcassets */ = {isa = PBXFileReference; lastKnownFileType = folder.assetcatalog; path = "Preview Assets.xcassets"; sourceTree = "<group>"; };
		B8FD8AC029D1861600018CE3 /* BrisbaneBubblerMapTests.xctest */ = {isa = PBXFileReference; explicitFileType = wrapper.cfbundle; includeInIndex = 0; path = BrisbaneBubblerMapTests.xctest; sourceTree = BUILT_PRODUCTS_DIR; };
		B8FD8AC429D1861600018CE3 /* BrisbaneBubblerMapTests.swift */ = {isa = PBXFileReference; lastKnownFileType = sourcecode.swift; path = BrisbaneBubblerMapTests.swift; sourceTree = "<group>"; };
		B8FD8ACA29D1861600018CE3 /* BrisbaneBubblerMapUITests.xctest */ = {isa = PBXFileReference; explicitFileType = wrapper.cfbundle; includeInIndex = 0; path = BrisbaneBubblerMapUITests.xctest; sourceTree = BUILT_PRODUCTS_DIR; };
		B8FD8ACE29D1861600018CE3 /* BrisbaneBubblerMapUITests.swift */ = {isa = PBXFileReference; lastKnownFileType = sourcecode.swift; path = BrisbaneBubblerMapUITests.swift; sourceTree = "<group>"; };
		B8FD8AD029D1861600018CE3 /* BrisbaneBubblerMapUITestsLaunchTests.swift */ = {isa = PBXFileReference; lastKnownFileType = sourcecode.swift; path = BrisbaneBubblerMapUITestsLaunchTests.swift; sourceTree = "<group>"; };
/* End PBXFileReference section */

/* Begin PBXFrameworksBuildPhase section */
		B8FD8AAD29D1861300018CE3 /* Frameworks */ = {
			isa = PBXFrameworksBuildPhase;
			buildActionMask = 2147483647;
			files = (
			);
			runOnlyForDeploymentPostprocessing = 0;
		};
		B8FD8ABD29D1861600018CE3 /* Frameworks */ = {
			isa = PBXFrameworksBuildPhase;
			buildActionMask = 2147483647;
			files = (
			);
			runOnlyForDeploymentPostprocessing = 0;
		};
		B8FD8AC729D1861600018CE3 /* Frameworks */ = {
			isa = PBXFrameworksBuildPhase;
			buildActionMask = 2147483647;
			files = (
			);
			runOnlyForDeploymentPostprocessing = 0;
		};
/* End PBXFrameworksBuildPhase section */

/* Begin PBXGroup section */
		B8FD8AA729D1861300018CE3 = {
			isa = PBXGroup;
			children = (
				B8B1CAAE29D4346F00F3F68C /* gpxgenerator_path_2.gpx */,
				B8B1CAAD29D431C400F3F68C /* gpxgenerator_path.gpx */,
				B8FD8AB229D1861300018CE3 /* BrisbaneBubblerMap */,
				B8FD8AC329D1861600018CE3 /* BrisbaneBubblerMapTests */,
				B8FD8ACD29D1861600018CE3 /* BrisbaneBubblerMapUITests */,
				B8FD8AB129D1861300018CE3 /* Products */,
			);
			sourceTree = "<group>";
		};
		B8FD8AB129D1861300018CE3 /* Products */ = {
			isa = PBXGroup;
			children = (
				B8FD8AB029D1861300018CE3 /* BrisbaneBubblerMap.app */,
				B8FD8AC029D1861600018CE3 /* BrisbaneBubblerMapTests.xctest */,
				B8FD8ACA29D1861600018CE3 /* BrisbaneBubblerMapUITests.xctest */,
			);
			name = Products;
			sourceTree = "<group>";
		};
		B8FD8AB229D1861300018CE3 /* BrisbaneBubblerMap */ = {
			isa = PBXGroup;
			children = (
				B8FD8AB329D1861300018CE3 /* BrisbaneBubblerMapApp.swift */,
				B8B1CAAB29D42C8800F3F68C /* LocationManager.swift */,
				B8FD8AB529D1861300018CE3 /* ContentView.swift */,
				B8B1CAAF29D43BBE00F3F68C /* MapView.swift */,
				B8FD8AB729D1861600018CE3 /* Assets.xcassets */,
				B8FD8AB929D1861600018CE3 /* Preview Content */,
				B8D78C1629D5996900955331 /* apiCall.swift */,
				B8D78C1829D5A18900955331 /* APITypes.swift */,
				B88AD36729E02D10008A7904 /* UserTrackingButtons.swift */,
			);
			path = BrisbaneBubblerMap;
			sourceTree = "<group>";
		};
		B8FD8AB929D1861600018CE3 /* Preview Content */ = {
			isa = PBXGroup;
			children = (
				B8FD8ABA29D1861600018CE3 /* Preview Assets.xcassets */,
			);
			path = "Preview Content";
			sourceTree = "<group>";
		};
		B8FD8AC329D1861600018CE3 /* BrisbaneBubblerMapTests */ = {
			isa = PBXGroup;
			children = (
				B8FD8AC429D1861600018CE3 /* BrisbaneBubblerMapTests.swift */,
			);
			path = BrisbaneBubblerMapTests;
			sourceTree = "<group>";
		};
		B8FD8ACD29D1861600018CE3 /* BrisbaneBubblerMapUITests */ = {
			isa = PBXGroup;
			children = (
				B8FD8ACE29D1861600018CE3 /* BrisbaneBubblerMapUITests.swift */,
				B8FD8AD029D1861600018CE3 /* BrisbaneBubblerMapUITestsLaunchTests.swift */,
			);
			path = BrisbaneBubblerMapUITests;
			sourceTree = "<group>";
		};
/* End PBXGroup section */

/* Begin PBXNativeTarget section */
		B8FD8AAF29D1861300018CE3 /* BrisbaneBubblerMap */ = {
			isa = PBXNativeTarget;
			buildConfigurationList = B8FD8AD429D1861600018CE3 /* Build configuration list for PBXNativeTarget "BrisbaneBubblerMap" */;
			buildPhases = (
				B8FD8AAC29D1861300018CE3 /* Sources */,
				B8FD8AAD29D1861300018CE3 /* Frameworks */,
				B8FD8AAE29D1861300018CE3 /* Resources */,
			);
			buildRules = (
			);
			dependencies = (
			);
			name = BrisbaneBubblerMap;
			productName = BrisbaneBubblerMap;
			productReference = B8FD8AB029D1861300018CE3 /* BrisbaneBubblerMap.app */;
			productType = "com.apple.product-type.application";
		};
		B8FD8ABF29D1861600018CE3 /* BrisbaneBubblerMapTests */ = {
			isa = PBXNativeTarget;
			buildConfigurationList = B8FD8AD729D1861600018CE3 /* Build configuration list for PBXNativeTarget "BrisbaneBubblerMapTests" */;
			buildPhases = (
				B8FD8ABC29D1861600018CE3 /* Sources */,
				B8FD8ABD29D1861600018CE3 /* Frameworks */,
				B8FD8ABE29D1861600018CE3 /* Resources */,
			);
			buildRules = (
			);
			dependencies = (
				B8FD8AC229D1861600018CE3 /* PBXTargetDependency */,
			);
			name = BrisbaneBubblerMapTests;
			productName = BrisbaneBubblerMapTests;
			productReference = B8FD8AC029D1861600018CE3 /* BrisbaneBubblerMapTests.xctest */;
			productType = "com.apple.product-type.bundle.unit-test";
		};
		B8FD8AC929D1861600018CE3 /* BrisbaneBubblerMapUITests */ = {
			isa = PBXNativeTarget;
			buildConfigurationList = B8FD8ADA29D1861600018CE3 /* Build configuration list for PBXNativeTarget "BrisbaneBubblerMapUITests" */;
			buildPhases = (
				B8FD8AC629D1861600018CE3 /* Sources */,
				B8FD8AC729D1861600018CE3 /* Frameworks */,
				B8FD8AC829D1861600018CE3 /* Resources */,
			);
			buildRules = (
			);
			dependencies = (
				B8FD8ACC29D1861600018CE3 /* PBXTargetDependency */,
			);
			name = BrisbaneBubblerMapUITests;
			productName = BrisbaneBubblerMapUITests;
			productReference = B8FD8ACA29D1861600018CE3 /* BrisbaneBubblerMapUITests.xctest */;
			productType = "com.apple.product-type.bundle.ui-testing";
		};
/* End PBXNativeTarget section */

/* Begin PBXProject section */
		B8FD8AA829D1861300018CE3 /* Project object */ = {
			isa = PBXProject;
			attributes = {
				BuildIndependentTargetsInParallel = 1;
				LastSwiftUpdateCheck = 1340;
				LastUpgradeCheck = 1340;
				TargetAttributes = {
					B8FD8AAF29D1861300018CE3 = {
						CreatedOnToolsVersion = 13.4.1;
					};
					B8FD8ABF29D1861600018CE3 = {
						CreatedOnToolsVersion = 13.4.1;
						TestTargetID = B8FD8AAF29D1861300018CE3;
					};
					B8FD8AC929D1861600018CE3 = {
						CreatedOnToolsVersion = 13.4.1;
						TestTargetID = B8FD8AAF29D1861300018CE3;
					};
				};
			};
			buildConfigurationList = B8FD8AAB29D1861300018CE3 /* Build configuration list for PBXProject "BrisbaneBubblerMap" */;
			compatibilityVersion = "Xcode 13.0";
			developmentRegion = en;
			hasScannedForEncodings = 0;
			knownRegions = (
				en,
				Base,
			);
			mainGroup = B8FD8AA729D1861300018CE3;
			productRefGroup = B8FD8AB129D1861300018CE3 /* Products */;
			projectDirPath = "";
			projectRoot = "";
			targets = (
				B8FD8AAF29D1861300018CE3 /* BrisbaneBubblerMap */,
				B8FD8ABF29D1861600018CE3 /* BrisbaneBubblerMapTests */,
				B8FD8AC929D1861600018CE3 /* BrisbaneBubblerMapUITests */,
			);
		};
/* End PBXProject section */

/* Begin PBXResourcesBuildPhase section */
		B8FD8AAE29D1861300018CE3 /* Resources */ = {
			isa = PBXResourcesBuildPhase;
			buildActionMask = 2147483647;
			files = (
				B8FD8ABB29D1861600018CE3 /* Preview Assets.xcassets in Resources */,
				B8FD8AB829D1861600018CE3 /* Assets.xcassets in Resources */,
			);
			runOnlyForDeploymentPostprocessing = 0;
		};
		B8FD8ABE29D1861600018CE3 /* Resources */ = {
			isa = PBXResourcesBuildPhase;
			buildActionMask = 2147483647;
			files = (
			);
			runOnlyForDeploymentPostprocessing = 0;
		};
		B8FD8AC829D1861600018CE3 /* Resources */ = {
			isa = PBXResourcesBuildPhase;
			buildActionMask = 2147483647;
			files = (
			);
			runOnlyForDeploymentPostprocessing = 0;
		};
/* End PBXResourcesBuildPhase section */

/* Begin PBXSourcesBuildPhase section */
		B8FD8AAC29D1861300018CE3 /* Sources */ = {
			isa = PBXSourcesBuildPhase;
			buildActionMask = 2147483647;
			files = (
				B8FD8AB629D1861300018CE3 /* ContentView.swift in Sources */,
				B8B1CAB029D43BBE00F3F68C /* MapView.swift in Sources */,
				B8D78C1929D5A18900955331 /* APITypes.swift in Sources */,
				B8D78C1729D5996900955331 /* apiCall.swift in Sources */,
				B8FD8AB429D1861300018CE3 /* BrisbaneBubblerMapApp.swift in Sources */,
				B88AD36829E02D10008A7904 /* UserTrackingButtons.swift in Sources */,
				B8B1CAAC29D42C8800F3F68C /* LocationManager.swift in Sources */,
			);
			runOnlyForDeploymentPostprocessing = 0;
		};
		B8FD8ABC29D1861600018CE3 /* Sources */ = {
			isa = PBXSourcesBuildPhase;
			buildActionMask = 2147483647;
			files = (
				B8FD8AC529D1861600018CE3 /* BrisbaneBubblerMapTests.swift in Sources */,
			);
			runOnlyForDeploymentPostprocessing = 0;
		};
		B8FD8AC629D1861600018CE3 /* Sources */ = {
			isa = PBXSourcesBuildPhase;
			buildActionMask = 2147483647;
			files = (
				B8FD8AD129D1861600018CE3 /* BrisbaneBubblerMapUITestsLaunchTests.swift in Sources */,
				B8FD8ACF29D1861600018CE3 /* BrisbaneBubblerMapUITests.swift in Sources */,
			);
			runOnlyForDeploymentPostprocessing = 0;
		};
/* End PBXSourcesBuildPhase section */

/* Begin PBXTargetDependency section */
		B8FD8AC229D1861600018CE3 /* PBXTargetDependency */ = {
			isa = PBXTargetDependency;
			target = B8FD8AAF29D1861300018CE3 /* BrisbaneBubblerMap */;
			targetProxy = B8FD8AC129D1861600018CE3 /* PBXContainerItemProxy */;
		};
		B8FD8ACC29D1861600018CE3 /* PBXTargetDependency */ = {
			isa = PBXTargetDependency;
			target = B8FD8AAF29D1861300018CE3 /* BrisbaneBubblerMap */;
			targetProxy = B8FD8ACB29D1861600018CE3 /* PBXContainerItemProxy */;
		};
/* End PBXTargetDependency section */

/* Begin XCBuildConfiguration section */
		B8FD8AD229D1861600018CE3 /* Debug */ = {
			isa = XCBuildConfiguration;
			buildSettings = {
				ALWAYS_SEARCH_USER_PATHS = NO;
				CLANG_ANALYZER_NONNULL = YES;
				CLANG_ANALYZER_NUMBER_OBJECT_CONVERSION = YES_AGGRESSIVE;
				CLANG_CXX_LANGUAGE_STANDARD = "gnu++17";
				CLANG_ENABLE_MODULES = YES;
				CLANG_ENABLE_OBJC_ARC = YES;
				CLANG_ENABLE_OBJC_WEAK = YES;
				CLANG_WARN_BLOCK_CAPTURE_AUTORELEASING = YES;
				CLANG_WARN_BOOL_CONVERSION = YES;
				CLANG_WARN_COMMA = YES;
				CLANG_WARN_CONSTANT_CONVERSION = YES;
				CLANG_WARN_DEPRECATED_OBJC_IMPLEMENTATIONS = YES;
				CLANG_WARN_DIRECT_OBJC_ISA_USAGE = YES_ERROR;
				CLANG_WARN_DOCUMENTATION_COMMENTS = YES;
				CLANG_WARN_EMPTY_BODY = YES;
				CLANG_WARN_ENUM_CONVERSION = YES;
				CLANG_WARN_INFINITE_RECURSION = YES;
				CLANG_WARN_INT_CONVERSION = YES;
				CLANG_WARN_NON_LITERAL_NULL_CONVERSION = YES;
				CLANG_WARN_OBJC_IMPLICIT_RETAIN_SELF = YES;
				CLANG_WARN_OBJC_LITERAL_CONVERSION = YES;
				CLANG_WARN_OBJC_ROOT_CLASS = YES_ERROR;
				CLANG_WARN_QUOTED_INCLUDE_IN_FRAMEWORK_HEADER = YES;
				CLANG_WARN_RANGE_LOOP_ANALYSIS = YES;
				CLANG_WARN_STRICT_PROTOTYPES = YES;
				CLANG_WARN_SUSPICIOUS_MOVE = YES;
				CLANG_WARN_UNGUARDED_AVAILABILITY = YES_AGGRESSIVE;
				CLANG_WARN_UNREACHABLE_CODE = YES;
				CLANG_WARN__DUPLICATE_METHOD_MATCH = YES;
				COPY_PHASE_STRIP = NO;
				DEBUG_INFORMATION_FORMAT = dwarf;
				ENABLE_STRICT_OBJC_MSGSEND = YES;
				ENABLE_TESTABILITY = YES;
				GCC_C_LANGUAGE_STANDARD = gnu11;
				GCC_DYNAMIC_NO_PIC = NO;
				GCC_NO_COMMON_BLOCKS = YES;
				GCC_OPTIMIZATION_LEVEL = 0;
				GCC_PREPROCESSOR_DEFINITIONS = (
					"DEBUG=1",
					"$(inherited)",
				);
				GCC_WARN_64_TO_32_BIT_CONVERSION = YES;
				GCC_WARN_ABOUT_RETURN_TYPE = YES_ERROR;
				GCC_WARN_UNDECLARED_SELECTOR = YES;
				GCC_WARN_UNINITIALIZED_AUTOS = YES_AGGRESSIVE;
				GCC_WARN_UNUSED_FUNCTION = YES;
				GCC_WARN_UNUSED_VARIABLE = YES;
				IPHONEOS_DEPLOYMENT_TARGET = 15.5;
				MTL_ENABLE_DEBUG_INFO = INCLUDE_SOURCE;
				MTL_FAST_MATH = YES;
				ONLY_ACTIVE_ARCH = YES;
				SDKROOT = iphoneos;
				SWIFT_ACTIVE_COMPILATION_CONDITIONS = DEBUG;
				SWIFT_OPTIMIZATION_LEVEL = "-Onone";
			};
			name = Debug;
		};
		B8FD8AD329D1861600018CE3 /* Release */ = {
			isa = XCBuildConfiguration;
			buildSettings = {
				ALWAYS_SEARCH_USER_PATHS = NO;
				CLANG_ANALYZER_NONNULL = YES;
				CLANG_ANALYZER_NUMBER_OBJECT_CONVERSION = YES_AGGRESSIVE;
				CLANG_CXX_LANGUAGE_STANDARD = "gnu++17";
				CLANG_ENABLE_MODULES = YES;
				CLANG_ENABLE_OBJC_ARC = YES;
				CLANG_ENABLE_OBJC_WEAK = YES;
				CLANG_WARN_BLOCK_CAPTURE_AUTORELEASING = YES;
				CLANG_WARN_BOOL_CONVERSION = YES;
				CLANG_WARN_COMMA = YES;
				CLANG_WARN_CONSTANT_CONVERSION = YES;
				CLANG_WARN_DEPRECATED_OBJC_IMPLEMENTATIONS = YES;
				CLANG_WARN_DIRECT_OBJC_ISA_USAGE = YES_ERROR;
				CLANG_WARN_DOCUMENTATION_COMMENTS = YES;
				CLANG_WARN_EMPTY_BODY = YES;
				CLANG_WARN_ENUM_CONVERSION = YES;
				CLANG_WARN_INFINITE_RECURSION = YES;
				CLANG_WARN_INT_CONVERSION = YES;
				CLANG_WARN_NON_LITERAL_NULL_CONVERSION = YES;
				CLANG_WARN_OBJC_IMPLICIT_RETAIN_SELF = YES;
				CLANG_WARN_OBJC_LITERAL_CONVERSION = YES;
				CLANG_WARN_OBJC_ROOT_CLASS = YES_ERROR;
				CLANG_WARN_QUOTED_INCLUDE_IN_FRAMEWORK_HEADER = YES;
				CLANG_WARN_RANGE_LOOP_ANALYSIS = YES;
				CLANG_WARN_STRICT_PROTOTYPES = YES;
				CLANG_WARN_SUSPICIOUS_MOVE = YES;
				CLANG_WARN_UNGUARDED_AVAILABILITY = YES_AGGRESSIVE;
				CLANG_WARN_UNREACHABLE_CODE = YES;
				CLANG_WARN__DUPLICATE_METHOD_MATCH = YES;
				COPY_PHASE_STRIP = NO;
				DEBUG_INFORMATION_FORMAT = "dwarf-with-dsym";
				ENABLE_NS_ASSERTIONS = NO;
				ENABLE_STRICT_OBJC_MSGSEND = YES;
				GCC_C_LANGUAGE_STANDARD = gnu11;
				GCC_NO_COMMON_BLOCKS = YES;
				GCC_WARN_64_TO_32_BIT_CONVERSION = YES;
				GCC_WARN_ABOUT_RETURN_TYPE = YES_ERROR;
				GCC_WARN_UNDECLARED_SELECTOR = YES;
				GCC_WARN_UNINITIALIZED_AUTOS = YES_AGGRESSIVE;
				GCC_WARN_UNUSED_FUNCTION = YES;
				GCC_WARN_UNUSED_VARIABLE = YES;
				IPHONEOS_DEPLOYMENT_TARGET = 15.5;
				MTL_ENABLE_DEBUG_INFO = NO;
				MTL_FAST_MATH = YES;
				SDKROOT = iphoneos;
				SWIFT_COMPILATION_MODE = wholemodule;
				SWIFT_OPTIMIZATION_LEVEL = "-O";
				VALIDATE_PRODUCT = YES;
			};
			name = Release;
		};
		B8FD8AD529D1861600018CE3 /* Debug */ = {
			isa = XCBuildConfiguration;
			buildSettings = {
				ASSETCATALOG_COMPILER_APPICON_NAME = AppIcon;
				ASSETCATALOG_COMPILER_GLOBAL_ACCENT_COLOR_NAME = AccentColor;
				CODE_SIGN_STYLE = Automatic;
				CURRENT_PROJECT_VERSION = 1;
				DEVELOPMENT_ASSET_PATHS = "\"BrisbaneBubblerMap/Preview Content\"";
				DEVELOPMENT_TEAM = CPB78685HG;
				ENABLE_PREVIEWS = YES;
				GENERATE_INFOPLIST_FILE = YES;
				INFOPLIST_KEY_NSLocationWhenInUseUsageDescription = "We need this to tell where you are in relation to the water bubblers";
				INFOPLIST_KEY_UIApplicationSceneManifest_Generation = YES;
				INFOPLIST_KEY_UIApplicationSupportsIndirectInputEvents = YES;
				INFOPLIST_KEY_UILaunchScreen_Generation = YES;
				INFOPLIST_KEY_UISupportedInterfaceOrientations_iPad = "UIInterfaceOrientationPortrait UIInterfaceOrientationPortraitUpsideDown UIInterfaceOrientationLandscapeLeft UIInterfaceOrientationLandscapeRight";
				INFOPLIST_KEY_UISupportedInterfaceOrientations_iPhone = "UIInterfaceOrientationPortrait UIInterfaceOrientationLandscapeLeft UIInterfaceOrientationLandscapeRight";
				LD_RUNPATH_SEARCH_PATHS = (
					"$(inherited)",
					"@executable_path/Frameworks",
				);
				MARKETING_VERSION = 1.0;
				PRODUCT_BUNDLE_IDENTIFIER = hyperfocus.systems.BrisbaneBubblerMap;
				PRODUCT_NAME = "$(TARGET_NAME)";
				SWIFT_EMIT_LOC_STRINGS = YES;
				SWIFT_VERSION = 5.0;
				TARGETED_DEVICE_FAMILY = "1,2";
			};
			name = Debug;
		};
		B8FD8AD629D1861600018CE3 /* Release */ = {
			isa = XCBuildConfiguration;
			buildSettings = {
				ASSETCATALOG_COMPILER_APPICON_NAME = AppIcon;
				ASSETCATALOG_COMPILER_GLOBAL_ACCENT_COLOR_NAME = AccentColor;
				CODE_SIGN_STYLE = Automatic;
				CURRENT_PROJECT_VERSION = 1;
				DEVELOPMENT_ASSET_PATHS = "\"BrisbaneBubblerMap/Preview Content\"";
				DEVELOPMENT_TEAM = CPB78685HG;
				ENABLE_PREVIEWS = YES;
				GENERATE_INFOPLIST_FILE = YES;
				INFOPLIST_KEY_NSLocationWhenInUseUsageDescription = "We need this to tell where you are in relation to the water bubblers";
				INFOPLIST_KEY_UIApplicationSceneManifest_Generation = YES;
				INFOPLIST_KEY_UIApplicationSupportsIndirectInputEvents = YES;
				INFOPLIST_KEY_UILaunchScreen_Generation = YES;
				INFOPLIST_KEY_UISupportedInterfaceOrientations_iPad = "UIInterfaceOrientationPortrait UIInterfaceOrientationPortraitUpsideDown UIInterfaceOrientationLandscapeLeft UIInterfaceOrientationLandscapeRight";
				INFOPLIST_KEY_UISupportedInterfaceOrientations_iPhone = "UIInterfaceOrientationPortrait UIInterfaceOrientationLandscapeLeft UIInterfaceOrientationLandscapeRight";
				LD_RUNPATH_SEARCH_PATHS = (
					"$(inherited)",
					"@executable_path/Frameworks",
				);
				MARKETING_VERSION = 1.0;
				PRODUCT_BUNDLE_IDENTIFIER = hyperfocus.systems.BrisbaneBubblerMap;
				PRODUCT_NAME = "$(TARGET_NAME)";
				SWIFT_EMIT_LOC_STRINGS = YES;
				SWIFT_VERSION = 5.0;
				TARGETED_DEVICE_FAMILY = "1,2";
			};
			name = Release;
		};
		B8FD8AD829D1861600018CE3 /* Debug */ = {
			isa = XCBuildConfiguration;
			buildSettings = {
				ALWAYS_EMBED_SWIFT_STANDARD_LIBRARIES = YES;
				BUNDLE_LOADER = "$(TEST_HOST)";
				CODE_SIGN_STYLE = Automatic;
				CURRENT_PROJECT_VERSION = 1;
				GENERATE_INFOPLIST_FILE = YES;
				IPHONEOS_DEPLOYMENT_TARGET = 15.5;
				MARKETING_VERSION = 1.0;
				PRODUCT_BUNDLE_IDENTIFIER = hyperfocus.systems.BrisbaneBubblerMapTests;
				PRODUCT_NAME = "$(TARGET_NAME)";
				SWIFT_EMIT_LOC_STRINGS = NO;
				SWIFT_VERSION = 5.0;
				TARGETED_DEVICE_FAMILY = "1,2";
				TEST_HOST = "$(BUILT_PRODUCTS_DIR)/BrisbaneBubblerMap.app/BrisbaneBubblerMap";
			};
			name = Debug;
		};
		B8FD8AD929D1861600018CE3 /* Release */ = {
			isa = XCBuildConfiguration;
			buildSettings = {
				ALWAYS_EMBED_SWIFT_STANDARD_LIBRARIES = YES;
				BUNDLE_LOADER = "$(TEST_HOST)";
				CODE_SIGN_STYLE = Automatic;
				CURRENT_PROJECT_VERSION = 1;
				GENERATE_INFOPLIST_FILE = YES;
				IPHONEOS_DEPLOYMENT_TARGET = 15.5;
				MARKETING_VERSION = 1.0;
				PRODUCT_BUNDLE_IDENTIFIER = hyperfocus.systems.BrisbaneBubblerMapTests;
				PRODUCT_NAME = "$(TARGET_NAME)";
				SWIFT_EMIT_LOC_STRINGS = NO;
				SWIFT_VERSION = 5.0;
				TARGETED_DEVICE_FAMILY = "1,2";
				TEST_HOST = "$(BUILT_PRODUCTS_DIR)/BrisbaneBubblerMap.app/BrisbaneBubblerMap";
			};
			name = Release;
		};
		B8FD8ADB29D1861600018CE3 /* Debug */ = {
			isa = XCBuildConfiguration;
			buildSettings = {
				ALWAYS_EMBED_SWIFT_STANDARD_LIBRARIES = YES;
				CODE_SIGN_STYLE = Automatic;
				CURRENT_PROJECT_VERSION = 1;
				GENERATE_INFOPLIST_FILE = YES;
				MARKETING_VERSION = 1.0;
				PRODUCT_BUNDLE_IDENTIFIER = hyperfocus.systems.BrisbaneBubblerMapUITests;
				PRODUCT_NAME = "$(TARGET_NAME)";
				SWIFT_EMIT_LOC_STRINGS = NO;
				SWIFT_VERSION = 5.0;
				TARGETED_DEVICE_FAMILY = "1,2";
				TEST_TARGET_NAME = BrisbaneBubblerMap;
			};
			name = Debug;
		};
		B8FD8ADC29D1861600018CE3 /* Release */ = {
			isa = XCBuildConfiguration;
			buildSettings = {
				ALWAYS_EMBED_SWIFT_STANDARD_LIBRARIES = YES;
				CODE_SIGN_STYLE = Automatic;
				CURRENT_PROJECT_VERSION = 1;
				GENERATE_INFOPLIST_FILE = YES;
				MARKETING_VERSION = 1.0;
				PRODUCT_BUNDLE_IDENTIFIER = hyperfocus.systems.BrisbaneBubblerMapUITests;
				PRODUCT_NAME = "$(TARGET_NAME)";
				SWIFT_EMIT_LOC_STRINGS = NO;
				SWIFT_VERSION = 5.0;
				TARGETED_DEVICE_FAMILY = "1,2";
				TEST_TARGET_NAME = BrisbaneBubblerMap;
			};
			name = Release;
		};
/* End XCBuildConfiguration section */

/* Begin XCConfigurationList section */
		B8FD8AAB29D1861300018CE3 /* Build configuration list for PBXProject "BrisbaneBubblerMap" */ = {
			isa = XCConfigurationList;
			buildConfigurations = (
				B8FD8AD229D1861600018CE3 /* Debug */,
				B8FD8AD329D1861600018CE3 /* Release */,
			);
			defaultConfigurationIsVisible = 0;
			defaultConfigurationName = Release;
		};
		B8FD8AD429D1861600018CE3 /* Build configuration list for PBXNativeTarget "BrisbaneBubblerMap" */ = {
			isa = XCConfigurationList;
			buildConfigurations = (
				B8FD8AD529D1861600018CE3 /* Debug */,
				B8FD8AD629D1861600018CE3 /* Release */,
			);
			defaultConfigurationIsVisible = 0;
			defaultConfigurationName = Release;
		};
		B8FD8AD729D1861600018CE3 /* Build configuration list for PBXNativeTarget "BrisbaneBubblerMapTests" */ = {
			isa = XCConfigurationList;
			buildConfigurations = (
				B8FD8AD829D1861600018CE3 /* Debug */,
				B8FD8AD929D1861600018CE3 /* Release */,
			);
			defaultConfigurationIsVisible = 0;
			defaultConfigurationName = Release;
		};
		B8FD8ADA29D1861600018CE3 /* Build configuration list for PBXNativeTarget "BrisbaneBubblerMapUITests" */ = {
			isa = XCConfigurationList;
			buildConfigurations = (
				B8FD8ADB29D1861600018CE3 /* Debug */,
				B8FD8ADC29D1861600018CE3 /* Release */,
			);
			defaultConfigurationIsVisible = 0;
			defaultConfigurationName = Release;
		};
/* End XCConfigurationList section */
	};
	rootObject = B8FD8AA829D1861300018CE3 /* Project object */;
}
